Microsoft Visual Studio Solution File, Format Version 12.00
# Visual Studio Version 17
VisualStudioVersion = 17.5.2.0
MinimumVisualStudioVersion = 10.0.40219.1
Project("{FAE04EC0-301F-11D3-BF4B-00C04F79EFBC}") = "ParkingFacility", "ParkingFacility.csproj", "{6BA43D58-6D5E-352F-20ED-5344722CF1B0}"
EndProject
Global
	GlobalSection(SolutionConfigurationPlatforms) = preSolution
		Debug|Any CPU = Debug|Any CPU
		Release|Any CPU = Release|Any CPU
	EndGlobalSection
	GlobalSection(ProjectConfigurationPlatforms) = postSolution
		{6BA43D58-6D5E-352F-20ED-5344722CF1B0}.Debug|Any CPU.ActiveCfg = Debug|Any CPU
		{6BA43D58-6D5E-352F-20ED-5344722CF1B0}.Debug|Any CPU.Build.0 = Debug|Any CPU
		{6BA43D58-6D5E-352F-20ED-5344722CF1B0}.Release|Any CPU.ActiveCfg = Release|Any CPU
		{6BA43D58-6D5E-352F-20ED-5344722CF1B0}.Release|Any CPU.Build.0 = Release|Any CPU
	EndGlobalSection
	GlobalSection(SolutionProperties) = preSolution
		HideSolutionNode = FALSE
	EndGlobalSection
	GlobalSection(ExtensibilityGlobals) = postSolution
		SolutionGuid = {CF9F737A-0A97-4E54-966F-336E19E9BFE4}
	EndGlobalSection
EndGlobal
